
Microsoft Visual Studio Solution File, Format Version 12.00
# Visual Studio 2012
Project("{FAE04EC0-301F-11D3-BF4B-00C04F79EFBC}") = "ZigZagGame", "ZigZagGame\ZigZagGame\ZigZagGame.csproj", "{166ED743-D0D8-4D9C-B0ED-197C7BB3B543}"
EndProject
Project("{96E2B04D-8817-42C6-938A-82C39BA4D311}") = "ZigZagGameContent", "ZigZagGame\ZigZagGameContent\ZigZagGameContent.contentproj", "{CF9285CA-2E8E-47B3-9D76-7321C522CD69}"
EndProject
Global
	GlobalSection(SolutionConfigurationPlatforms) = preSolution
		Debug|Windows Phone = Debug|Windows Phone
		Release|Windows Phone = Release|Windows Phone
	EndGlobalSection
	GlobalSection(ProjectConfigurationPlatforms) = postSolution
		{166ED743-D0D8-4D9C-B0ED-197C7BB3B543}.Debug|Windows Phone.ActiveCfg = Debug|Windows Phone
		{166ED743-D0D8-4D9C-B0ED-197C7BB3B543}.Debug|Windows Phone.Build.0 = Debug|Windows Phone
		{166ED743-D0D8-4D9C-B0ED-197C7BB3B543}.Debug|Windows Phone.Deploy.0 = Debug|Windows Phone
		{166ED743-D0D8-4D9C-B0ED-197C7BB3B543}.Release|Windows Phone.ActiveCfg = Release|Windows Phone
		{166ED743-D0D8-4D9C-B0ED-197C7BB3B543}.Release|Windows Phone.Build.0 = Release|Windows Phone
		{166ED743-D0D8-4D9C-B0ED-197C7BB3B543}.Release|Windows Phone.Deploy.0 = Release|Windows Phone
		{CF9285CA-2E8E-47B3-9D76-7321C522CD69}.Debug|Windows Phone.ActiveCfg = Debug|Windows Phone
		{CF9285CA-2E8E-47B3-9D76-7321C522CD69}.Release|Windows Phone.ActiveCfg = Release|Windows Phone
	EndGlobalSection
	GlobalSection(SolutionProperties) = preSolution
		HideSolutionNode = FALSE
	EndGlobalSection
EndGlobal
